
Microsoft Visual Studio Solution File, Format Version 12.00
# Visual Studio Version 16
VisualStudioVersion = 16.0.30406.217
MinimumVisualStudioVersion = 10.0.40219.1
Project("{9A19103F-16F7-4668-BE54-9A1E7A4F7556}") = "MovieRating", "MovieRating\MovieRating.csproj", "{FC4F3A57-068C-448D-A201-BA421A4E83E6}"
EndProject
Project("{FAE04EC0-301F-11D3-BF4B-00C04F79EFBC}") = "MovieRatingTest.TestClass", "MovieRatingTest.TestClass\MovieRatingTest.TestClass.csproj", "{62213671-E345-4FCC-AA93-170E5BE0801D}"
EndProject
Global
	GlobalSection(SolutionConfigurationPlatforms) = preSolution
		Debug|Any CPU = Debug|Any CPU
		Release|Any CPU = Release|Any CPU
	EndGlobalSection
	GlobalSection(ProjectConfigurationPlatforms) = postSolution
		{FC4F3A57-068C-448D-A201-BA421A4E83E6}.Debug|Any CPU.ActiveCfg = Debug|Any CPU
		{FC4F3A57-068C-448D-A201-BA421A4E83E6}.Debug|Any CPU.Build.0 = Debug|Any CPU
		{FC4F3A57-068C-448D-A201-BA421A4E83E6}.Release|Any CPU.ActiveCfg = Release|Any CPU
		{FC4F3A57-068C-448D-A201-BA421A4E83E6}.Release|Any CPU.Build.0 = Release|Any CPU
		{62213671-E345-4FCC-AA93-170E5BE0801D}.Debug|Any CPU.ActiveCfg = Debug|Any CPU
		{62213671-E345-4FCC-AA93-170E5BE0801D}.Debug|Any CPU.Build.0 = Debug|Any CPU
		{62213671-E345-4FCC-AA93-170E5BE0801D}.Release|Any CPU.ActiveCfg = Release|Any CPU
		{62213671-E345-4FCC-AA93-170E5BE0801D}.Release|Any CPU.Build.0 = Release|Any CPU
	EndGlobalSection
	GlobalSection(SolutionProperties) = preSolution
		HideSolutionNode = FALSE
	EndGlobalSection
	GlobalSection(ExtensibilityGlobals) = postSolution
		SolutionGuid = {FBD0340A-3A7E-460F-9F9B-61E560A20A61}
	EndGlobalSection
EndGlobal
